
Microsoft Visual Studio Solution File, Format Version 12.00
# Visual Studio Version 17
VisualStudioVersion = 17.8.34330.188
MinimumVisualStudioVersion = 10.0.40219.1
Project("{2150E333-8FDC-42A3-9474-1A3956D46DE8}") = "Src", "Src", "{8302A11C-7E0F-46D0-AE58-E39797B75E74}"
EndProject
Project("{2150E333-8FDC-42A3-9474-1A3956D46DE8}") = "Test", "Test", "{FF9F9555-26A4-4190-94E1-EC78E3E94E6F}"
EndProject
Project("{2150E333-8FDC-42A3-9474-1A3956D46DE8}") = "Solution Items", "Solution Items", "{121A7CA3-3C9C-4C08-80B8-B318A21DC673}"
	ProjectSection(SolutionItems) = preProject
		Makefile = Makefile
	EndProjectSection
EndProject
Project("{9A19103F-16F7-4668-BE54-9A1E7A4F7556}") = "Procoding.ApplicationTracker.Api", "src\Procoding.ApplicationTracker.Api\Procoding.ApplicationTracker.Api.csproj", "{22440238-1D99-41EE-9FEB-48F9D5405AED}"
EndProject
Project("{9A19103F-16F7-4668-BE54-9A1E7A4F7556}") = "Procoding.ApplicationTracker.Application", "src\Procoding.ApplicationTracker.Application\Procoding.ApplicationTracker.Application.csproj", "{92292FEF-5D88-4B5F-BAC6-293B7C4BE36E}"
EndProject
Project("{9A19103F-16F7-4668-BE54-9A1E7A4F7556}") = "Procoding.ApplicationTracker.Domain", "src\Procoding.ApplicationTracker.Domain\Procoding.ApplicationTracker.Domain.csproj", "{1E1B12F0-A530-4DF1-B597-1C539B81F588}"
EndProject
Project("{9A19103F-16F7-4668-BE54-9A1E7A4F7556}") = "Procoding.ApplicationTracker.DTOs", "src\Procoding.ApplicationTracker.DTOs\Procoding.ApplicationTracker.DTOs.csproj", "{28C51AB9-9DAE-4BF3-ADBE-53085DBBE8FA}"
EndProject
Project("{9A19103F-16F7-4668-BE54-9A1E7A4F7556}") = "Procoding.ApplicationTracker.Infrastructure", "src\Procoding.ApplicationTracker.Infrastructure\Procoding.ApplicationTracker.Infrastructure.csproj", "{E16CF95A-1FA0-4183-8336-A91614A26B20}"
EndProject
Project("{9A19103F-16F7-4668-BE54-9A1E7A4F7556}") = "Procoding.ApplicationTracker.Web", "src\Procoding.ApplicationTracker.Web\Procoding.ApplicationTracker.Web.csproj", "{629486D0-E32F-46A5-A640-867521151371}"
EndProject
Project("{9A19103F-16F7-4668-BE54-9A1E7A4F7556}") = "Procoding.ApplicationTracker.Web.Root", "src\Procoding.ApplicationTracker.Web.Root\Procoding.ApplicationTracker.Web.Root.csproj", "{1BDAF294-90BA-41AB-A57C-3995D8C66683}"
EndProject
Project("{9A19103F-16F7-4668-BE54-9A1E7A4F7556}") = "Procoding.ApplicationTracker.Api.IntegrationTests", "test\Procoding.ApplicationTracker.Api.IntegrationTests\Procoding.ApplicationTracker.Api.IntegrationTests.csproj", "{0E58462C-3D0A-468F-BAC0-2514EB99C2AD}"
EndProject
Project("{9A19103F-16F7-4668-BE54-9A1E7A4F7556}") = "Procoding.ApplicationTracker.Api.Tests", "test\Procoding.ApplicationTracker.Api.Tests\Procoding.ApplicationTracker.Api.Tests.csproj", "{A80AA7FB-095C-4B89-8D30-287C01DC9576}"
EndProject
Project("{9A19103F-16F7-4668-BE54-9A1E7A4F7556}") = "Procoding.ApplicationTracker.Domain.Tests", "test\Procoding.ApplicationTracker.Domain.Tests\Procoding.ApplicationTracker.Domain.Tests.csproj", "{459E61A1-501A-4B68-8FC2-815D8DFA6CCF}"
EndProject
Project("{9A19103F-16F7-4668-BE54-9A1E7A4F7556}") = "Procoding.Architecture.Tests", "test\Procoding.Architecture.Tests\Procoding.Architecture.Tests.csproj", "{AA92A8E7-1D2C-4E44-885A-394710C9D40D}"
EndProject
Project("{9A19103F-16F7-4668-BE54-9A1E7A4F7556}") = "Procoding.ApplicationTracker.AppHost", "src\Procoding.ApplicationTracker.AppHost\Procoding.ApplicationTracker.AppHost.csproj", "{65C1B76A-01B8-4711-8EE5-CB76946AC6D5}"
EndProject
Project("{9A19103F-16F7-4668-BE54-9A1E7A4F7556}") = "Procoding.ApplicationTracker.ServiceDefaults", "src\Procoding.ApplicationTracker.ServiceDefaults\Procoding.ApplicationTracker.ServiceDefaults.csproj", "{731264B1-13D7-4291-879E-56CA597792A3}"
EndProject
Project("{FAE04EC0-301F-11D3-BF4B-00C04F79EFBC}") = "Procoding.ApplicationTracker.Web.Tests", "test\Procoding.ApplicationTracker.Web.Tests\Procoding.ApplicationTracker.Web.Tests.csproj", "{592B84B5-F356-4E17-90FE-26F33B8B586D}"
EndProject
Global
	GlobalSection(SolutionConfigurationPlatforms) = preSolution
		Debug|Any CPU = Debug|Any CPU
		Release|Any CPU = Release|Any CPU
	EndGlobalSection
	GlobalSection(ProjectConfigurationPlatforms) = postSolution
		{22440238-1D99-41EE-9FEB-48F9D5405AED}.Debug|Any CPU.ActiveCfg = Debug|Any CPU
		{22440238-1D99-41EE-9FEB-48F9D5405AED}.Debug|Any CPU.Build.0 = Debug|Any CPU
		{22440238-1D99-41EE-9FEB-48F9D5405AED}.Release|Any CPU.ActiveCfg = Release|Any CPU
		{22440238-1D99-41EE-9FEB-48F9D5405AED}.Release|Any CPU.Build.0 = Release|Any CPU
		{92292FEF-5D88-4B5F-BAC6-293B7C4BE36E}.Debug|Any CPU.ActiveCfg = Debug|Any CPU
		{92292FEF-5D88-4B5F-BAC6-293B7C4BE36E}.Debug|Any CPU.Build.0 = Debug|Any CPU
		{92292FEF-5D88-4B5F-BAC6-293B7C4BE36E}.Release|Any CPU.ActiveCfg = Release|Any CPU
		{92292FEF-5D88-4B5F-BAC6-293B7C4BE36E}.Release|Any CPU.Build.0 = Release|Any CPU
		{1E1B12F0-A530-4DF1-B597-1C539B81F588}.Debug|Any CPU.ActiveCfg = Debug|Any CPU
		{1E1B12F0-A530-4DF1-B597-1C539B81F588}.Debug|Any CPU.Build.0 = Debug|Any CPU
		{1E1B12F0-A530-4DF1-B597-1C539B81F588}.Release|Any CPU.ActiveCfg = Release|Any CPU
		{1E1B12F0-A530-4DF1-B597-1C539B81F588}.Release|Any CPU.Build.0 = Release|Any CPU
		{28C51AB9-9DAE-4BF3-ADBE-53085DBBE8FA}.Debug|Any CPU.ActiveCfg = Debug|Any CPU
		{28C51AB9-9DAE-4BF3-ADBE-53085DBBE8FA}.Debug|Any CPU.Build.0 = Debug|Any CPU
		{28C51AB9-9DAE-4BF3-ADBE-53085DBBE8FA}.Release|Any CPU.ActiveCfg = Release|Any CPU
		{28C51AB9-9DAE-4BF3-ADBE-53085DBBE8FA}.Release|Any CPU.Build.0 = Release|Any CPU
		{E16CF95A-1FA0-4183-8336-A91614A26B20}.Debug|Any CPU.ActiveCfg = Debug|Any CPU
		{E16CF95A-1FA0-4183-8336-A91614A26B20}.Debug|Any CPU.Build.0 = Debug|Any CPU
		{E16CF95A-1FA0-4183-8336-A91614A26B20}.Release|Any CPU.ActiveCfg = Release|Any CPU
		{E16CF95A-1FA0-4183-8336-A91614A26B20}.Release|Any CPU.Build.0 = Release|Any CPU
		{629486D0-E32F-46A5-A640-867521151371}.Debug|Any CPU.ActiveCfg = Debug|Any CPU
		{629486D0-E32F-46A5-A640-867521151371}.Debug|Any CPU.Build.0 = Debug|Any CPU
		{629486D0-E32F-46A5-A640-867521151371}.Release|Any CPU.ActiveCfg = Release|Any CPU
		{629486D0-E32F-46A5-A640-867521151371}.Release|Any CPU.Build.0 = Release|Any CPU
		{1BDAF294-90BA-41AB-A57C-3995D8C66683}.Debug|Any CPU.ActiveCfg = Debug|Any CPU
		{1BDAF294-90BA-41AB-A57C-3995D8C66683}.Debug|Any CPU.Build.0 = Debug|Any CPU
		{1BDAF294-90BA-41AB-A57C-3995D8C66683}.Release|Any CPU.ActiveCfg = Release|Any CPU
		{1BDAF294-90BA-41AB-A57C-3995D8C66683}.Release|Any CPU.Build.0 = Release|Any CPU
		{0E58462C-3D0A-468F-BAC0-2514EB99C2AD}.Debug|Any CPU.ActiveCfg = Debug|Any CPU
		{0E58462C-3D0A-468F-BAC0-2514EB99C2AD}.Debug|Any CPU.Build.0 = Debug|Any CPU
		{0E58462C-3D0A-468F-BAC0-2514EB99C2AD}.Release|Any CPU.ActiveCfg = Release|Any CPU
		{0E58462C-3D0A-468F-BAC0-2514EB99C2AD}.Release|Any CPU.Build.0 = Release|Any CPU
		{A80AA7FB-095C-4B89-8D30-287C01DC9576}.Debug|Any CPU.ActiveCfg = Debug|Any CPU
		{A80AA7FB-095C-4B89-8D30-287C01DC9576}.Debug|Any CPU.Build.0 = Debug|Any CPU
		{A80AA7FB-095C-4B89-8D30-287C01DC9576}.Release|Any CPU.ActiveCfg = Release|Any CPU
		{A80AA7FB-095C-4B89-8D30-287C01DC9576}.Release|Any CPU.Build.0 = Release|Any CPU
		{459E61A1-501A-4B68-8FC2-815D8DFA6CCF}.Debug|Any CPU.ActiveCfg = Debug|Any CPU
		{459E61A1-501A-4B68-8FC2-815D8DFA6CCF}.Debug|Any CPU.Build.0 = Debug|Any CPU
		{459E61A1-501A-4B68-8FC2-815D8DFA6CCF}.Release|Any CPU.ActiveCfg = Release|Any CPU
		{459E61A1-501A-4B68-8FC2-815D8DFA6CCF}.Release|Any CPU.Build.0 = Release|Any CPU
		{AA92A8E7-1D2C-4E44-885A-394710C9D40D}.Debug|Any CPU.ActiveCfg = Debug|Any CPU
		{AA92A8E7-1D2C-4E44-885A-394710C9D40D}.Debug|Any CPU.Build.0 = Debug|Any CPU
		{AA92A8E7-1D2C-4E44-885A-394710C9D40D}.Release|Any CPU.ActiveCfg = Release|Any CPU
		{AA92A8E7-1D2C-4E44-885A-394710C9D40D}.Release|Any CPU.Build.0 = Release|Any CPU
		{65C1B76A-01B8-4711-8EE5-CB76946AC6D5}.Debug|Any CPU.ActiveCfg = Debug|Any CPU
		{65C1B76A-01B8-4711-8EE5-CB76946AC6D5}.Debug|Any CPU.Build.0 = Debug|Any CPU
		{65C1B76A-01B8-4711-8EE5-CB76946AC6D5}.Release|Any CPU.ActiveCfg = Release|Any CPU
		{65C1B76A-01B8-4711-8EE5-CB76946AC6D5}.Release|Any CPU.Build.0 = Release|Any CPU
		{731264B1-13D7-4291-879E-56CA597792A3}.Debug|Any CPU.ActiveCfg = Debug|Any CPU
		{731264B1-13D7-4291-879E-56CA597792A3}.Debug|Any CPU.Build.0 = Debug|Any CPU
		{731264B1-13D7-4291-879E-56CA597792A3}.Release|Any CPU.ActiveCfg = Release|Any CPU
		{731264B1-13D7-4291-879E-56CA597792A3}.Release|Any CPU.Build.0 = Release|Any CPU
		{592B84B5-F356-4E17-90FE-26F33B8B586D}.Debug|Any CPU.ActiveCfg = Debug|Any CPU
		{592B84B5-F356-4E17-90FE-26F33B8B586D}.Debug|Any CPU.Build.0 = Debug|Any CPU
		{592B84B5-F356-4E17-90FE-26F33B8B586D}.Release|Any CPU.ActiveCfg = Release|Any CPU
		{592B84B5-F356-4E17-90FE-26F33B8B586D}.Release|Any CPU.Build.0 = Release|Any CPU
	EndGlobalSection
	GlobalSection(SolutionProperties) = preSolution
		HideSolutionNode = FALSE
	EndGlobalSection
	GlobalSection(NestedProjects) = preSolution
		{22440238-1D99-41EE-9FEB-48F9D5405AED} = {8302A11C-7E0F-46D0-AE58-E39797B75E74}
		{92292FEF-5D88-4B5F-BAC6-293B7C4BE36E} = {8302A11C-7E0F-46D0-AE58-E39797B75E74}
		{1E1B12F0-A530-4DF1-B597-1C539B81F588} = {8302A11C-7E0F-46D0-AE58-E39797B75E74}
		{28C51AB9-9DAE-4BF3-ADBE-53085DBBE8FA} = {8302A11C-7E0F-46D0-AE58-E39797B75E74}
		{E16CF95A-1FA0-4183-8336-A91614A26B20} = {8302A11C-7E0F-46D0-AE58-E39797B75E74}
		{629486D0-E32F-46A5-A640-867521151371} = {8302A11C-7E0F-46D0-AE58-E39797B75E74}
		{1BDAF294-90BA-41AB-A57C-3995D8C66683} = {8302A11C-7E0F-46D0-AE58-E39797B75E74}
		{0E58462C-3D0A-468F-BAC0-2514EB99C2AD} = {FF9F9555-26A4-4190-94E1-EC78E3E94E6F}
		{A80AA7FB-095C-4B89-8D30-287C01DC9576} = {FF9F9555-26A4-4190-94E1-EC78E3E94E6F}
		{459E61A1-501A-4B68-8FC2-815D8DFA6CCF} = {FF9F9555-26A4-4190-94E1-EC78E3E94E6F}
		{AA92A8E7-1D2C-4E44-885A-394710C9D40D} = {FF9F9555-26A4-4190-94E1-EC78E3E94E6F}
		{65C1B76A-01B8-4711-8EE5-CB76946AC6D5} = {8302A11C-7E0F-46D0-AE58-E39797B75E74}
		{731264B1-13D7-4291-879E-56CA597792A3} = {8302A11C-7E0F-46D0-AE58-E39797B75E74}
		{592B84B5-F356-4E17-90FE-26F33B8B586D} = {FF9F9555-26A4-4190-94E1-EC78E3E94E6F}
	EndGlobalSection
	GlobalSection(ExtensibilityGlobals) = postSolution
		SolutionGuid = {23C9585D-5823-475F-884E-4A8D6FFF1F93}
	EndGlobalSection
EndGlobal
